
Microsoft Visual Studio Solution File, Format Version 12.00
# Visual Studio Version 16
VisualStudioVersion = 16.0.31605.320
MinimumVisualStudioVersion = 10.0.40219.1
Project("{FAE04EC0-301F-11D3-BF4B-00C04F79EFBC}") = "AppShop.Android", "AppShop\AppShop.Android\AppShop.Android.csproj", "{76DA6E39-483F-4859-AEC2-E453B175A8D4}"
EndProject
Project("{FAE04EC0-301F-11D3-BF4B-00C04F79EFBC}") = "AppShop.iOS", "AppShop\AppShop.iOS\AppShop.iOS.csproj", "{B8B55EBC-4CED-467A-A63A-285417ACA0C7}"
EndProject
Project("{FAE04EC0-301F-11D3-BF4B-00C04F79EFBC}") = "AppShop", "AppShop\AppShop\AppShop.csproj", "{D098E19E-45E5-43DF-9A49-1DE2C9F2C850}"
EndProject
Global
	GlobalSection(SolutionConfigurationPlatforms) = preSolution
		Debug|Any CPU = Debug|Any CPU
		Debug|iPhone = Debug|iPhone
		Debug|iPhoneSimulator = Debug|iPhoneSimulator
		Release|Any CPU = Release|Any CPU
		Release|iPhone = Release|iPhone
		Release|iPhoneSimulator = Release|iPhoneSimulator
	EndGlobalSection
	GlobalSection(ProjectConfigurationPlatforms) = postSolution
		{76DA6E39-483F-4859-AEC2-E453B175A8D4}.Debug|Any CPU.ActiveCfg = Debug|Any CPU
		{76DA6E39-483F-4859-AEC2-E453B175A8D4}.Debug|Any CPU.Build.0 = Debug|Any CPU
		{76DA6E39-483F-4859-AEC2-E453B175A8D4}.Debug|Any CPU.Deploy.0 = Debug|Any CPU
		{76DA6E39-483F-4859-AEC2-E453B175A8D4}.Debug|iPhone.ActiveCfg = Debug|Any CPU
		{76DA6E39-483F-4859-AEC2-E453B175A8D4}.Debug|iPhone.Build.0 = Debug|Any CPU
		{76DA6E39-483F-4859-AEC2-E453B175A8D4}.Debug|iPhone.Deploy.0 = Debug|Any CPU
		{76DA6E39-483F-4859-AEC2-E453B175A8D4}.Debug|iPhoneSimulator.ActiveCfg = Debug|Any CPU
		{76DA6E39-483F-4859-AEC2-E453B175A8D4}.Debug|iPhoneSimulator.Build.0 = Debug|Any CPU
		{76DA6E39-483F-4859-AEC2-E453B175A8D4}.Debug|iPhoneSimulator.Deploy.0 = Debug|Any CPU
		{76DA6E39-483F-4859-AEC2-E453B175A8D4}.Release|Any CPU.ActiveCfg = Release|Any CPU
		{76DA6E39-483F-4859-AEC2-E453B175A8D4}.Release|Any CPU.Build.0 = Release|Any CPU
		{76DA6E39-483F-4859-AEC2-E453B175A8D4}.Release|Any CPU.Deploy.0 = Release|Any CPU
		{76DA6E39-483F-4859-AEC2-E453B175A8D4}.Release|iPhone.ActiveCfg = Release|Any CPU
		{76DA6E39-483F-4859-AEC2-E453B175A8D4}.Release|iPhone.Build.0 = Release|Any CPU
		{76DA6E39-483F-4859-AEC2-E453B175A8D4}.Release|iPhone.Deploy.0 = Release|Any CPU
		{76DA6E39-483F-4859-AEC2-E453B175A8D4}.Release|iPhoneSimulator.ActiveCfg = Release|Any CPU
		{76DA6E39-483F-4859-AEC2-E453B175A8D4}.Release|iPhoneSimulator.Build.0 = Release|Any CPU
		{76DA6E39-483F-4859-AEC2-E453B175A8D4}.Release|iPhoneSimulator.Deploy.0 = Release|Any CPU
		{B8B55EBC-4CED-467A-A63A-285417ACA0C7}.Debug|Any CPU.ActiveCfg = Debug|iPhone
		{B8B55EBC-4CED-467A-A63A-285417ACA0C7}.Debug|Any CPU.Build.0 = Debug|iPhone
		{B8B55EBC-4CED-467A-A63A-285417ACA0C7}.Debug|Any CPU.Deploy.0 = Debug|iPhone
		{B8B55EBC-4CED-467A-A63A-285417ACA0C7}.Debug|iPhone.ActiveCfg = Debug|iPhone
		{B8B55EBC-4CED-467A-A63A-285417ACA0C7}.Debug|iPhone.Build.0 = Debug|iPhone
		{B8B55EBC-4CED-467A-A63A-285417ACA0C7}.Debug|iPhone.Deploy.0 = Debug|iPhone
		{B8B55EBC-4CED-467A-A63A-285417ACA0C7}.Debug|iPhoneSimulator.ActiveCfg = Debug|iPhoneSimulator
		{B8B55EBC-4CED-467A-A63A-285417ACA0C7}.Debug|iPhoneSimulator.Build.0 = Debug|iPhoneSimulator
		{B8B55EBC-4CED-467A-A63A-285417ACA0C7}.Debug|iPhoneSimulator.Deploy.0 = Debug|iPhoneSimulator
		{B8B55EBC-4CED-467A-A63A-285417ACA0C7}.Release|Any CPU.ActiveCfg = Release|iPhoneSimulator
		{B8B55EBC-4CED-467A-A63A-285417ACA0C7}.Release|Any CPU.Build.0 = Release|iPhoneSimulator
		{B8B55EBC-4CED-467A-A63A-285417ACA0C7}.Release|Any CPU.Deploy.0 = Release|iPhoneSimulator
		{B8B55EBC-4CED-467A-A63A-285417ACA0C7}.Release|iPhone.ActiveCfg = Release|iPhone
		{B8B55EBC-4CED-467A-A63A-285417ACA0C7}.Release|iPhone.Build.0 = Release|iPhone
		{B8B55EBC-4CED-467A-A63A-285417ACA0C7}.Release|iPhone.Deploy.0 = Release|iPhone
		{B8B55EBC-4CED-467A-A63A-285417ACA0C7}.Release|iPhoneSimulator.ActiveCfg = Release|iPhoneSimulator
		{B8B55EBC-4CED-467A-A63A-285417ACA0C7}.Release|iPhoneSimulator.Build.0 = Release|iPhoneSimulator
		{B8B55EBC-4CED-467A-A63A-285417ACA0C7}.Release|iPhoneSimulator.Deploy.0 = Release|iPhoneSimulator
		{D098E19E-45E5-43DF-9A49-1DE2C9F2C850}.Debug|Any CPU.ActiveCfg = Debug|Any CPU
		{D098E19E-45E5-43DF-9A49-1DE2C9F2C850}.Debug|Any CPU.Build.0 = Debug|Any CPU
		{D098E19E-45E5-43DF-9A49-1DE2C9F2C850}.Debug|Any CPU.Deploy.0 = Debug|Any CPU
		{D098E19E-45E5-43DF-9A49-1DE2C9F2C850}.Debug|iPhone.ActiveCfg = Debug|Any CPU
		{D098E19E-45E5-43DF-9A49-1DE2C9F2C850}.Debug|iPhone.Build.0 = Debug|Any CPU
		{D098E19E-45E5-43DF-9A49-1DE2C9F2C850}.Debug|iPhone.Deploy.0 = Debug|Any CPU
		{D098E19E-45E5-43DF-9A49-1DE2C9F2C850}.Debug|iPhoneSimulator.ActiveCfg = Debug|Any CPU
		{D098E19E-45E5-43DF-9A49-1DE2C9F2C850}.Debug|iPhoneSimulator.Build.0 = Debug|Any CPU
		{D098E19E-45E5-43DF-9A49-1DE2C9F2C850}.Debug|iPhoneSimulator.Deploy.0 = Debug|Any CPU
		{D098E19E-45E5-43DF-9A49-1DE2C9F2C850}.Release|Any CPU.ActiveCfg = Release|Any CPU
		{D098E19E-45E5-43DF-9A49-1DE2C9F2C850}.Release|Any CPU.Build.0 = Release|Any CPU
		{D098E19E-45E5-43DF-9A49-1DE2C9F2C850}.Release|Any CPU.Deploy.0 = Release|Any CPU
		{D098E19E-45E5-43DF-9A49-1DE2C9F2C850}.Release|iPhone.ActiveCfg = Release|Any CPU
		{D098E19E-45E5-43DF-9A49-1DE2C9F2C850}.Release|iPhone.Build.0 = Release|Any CPU
		{D098E19E-45E5-43DF-9A49-1DE2C9F2C850}.Release|iPhone.Deploy.0 = Release|Any CPU
		{D098E19E-45E5-43DF-9A49-1DE2C9F2C850}.Release|iPhoneSimulator.ActiveCfg = Release|Any CPU
		{D098E19E-45E5-43DF-9A49-1DE2C9F2C850}.Release|iPhoneSimulator.Build.0 = Release|Any CPU
		{D098E19E-45E5-43DF-9A49-1DE2C9F2C850}.Release|iPhoneSimulator.Deploy.0 = Release|Any CPU
	EndGlobalSection
	GlobalSection(SolutionProperties) = preSolution
		HideSolutionNode = FALSE
	EndGlobalSection
	GlobalSection(ExtensibilityGlobals) = postSolution
		SolutionGuid = {7F700AF6-AA1D-4D36-A3BB-E0D961B62043}
	EndGlobalSection
EndGlobal
